
Microsoft Visual Studio Solution File, Format Version 12.00
# Visual Studio Version 16
VisualStudioVersion = 16.0.30011.22
MinimumVisualStudioVersion = 10.0.40219.1
Project("{FAE04EC0-301F-11D3-BF4B-00C04F79EFBC}") = "vtolvrRandomFailures", "vtolvrRandomFailures\vtolvrRandomFailures.csproj", "{744B2B4A-F4CD-43C5-AAD8-9F4A270C4458}"
EndProject
Global
	GlobalSection(SolutionConfigurationPlatforms) = preSolution
		Debug|Any CPU = Debug|Any CPU
		Release|Any CPU = Release|Any CPU
	EndGlobalSection
	GlobalSection(ProjectConfigurationPlatforms) = postSolution
		{744B2B4A-F4CD-43C5-AAD8-9F4A270C4458}.Debug|Any CPU.ActiveCfg = Debug|Any CPU
		{744B2B4A-F4CD-43C5-AAD8-9F4A270C4458}.Debug|Any CPU.Build.0 = Debug|Any CPU
		{744B2B4A-F4CD-43C5-AAD8-9F4A270C4458}.Release|Any CPU.ActiveCfg = Release|Any CPU
		{744B2B4A-F4CD-43C5-AAD8-9F4A270C4458}.Release|Any CPU.Build.0 = Release|Any CPU
	EndGlobalSection
	GlobalSection(SolutionProperties) = preSolution
		HideSolutionNode = FALSE
	EndGlobalSection
	GlobalSection(ExtensibilityGlobals) = postSolution
		SolutionGuid = {42DBFF84-B74A-44F0-A246-CB1193CF1A6D}
	EndGlobalSection
EndGlobal
